
Microsoft Visual Studio Solution File, Format Version 12.00
# Visual Studio Version 17
VisualStudioVersion = 17.0.32126.317
MinimumVisualStudioVersion = 10.0.40219.1
Project("{FAE04EC0-301F-11D3-BF4B-00C04F79EFBC}") = "Primeiro Projeto", "Primeiro Projeto\Primeiro Projeto.csproj", "{423B47A4-E268-4F7A-BB0A-3EEEF9A21106}"
EndProject
Global
	GlobalSection(SolutionConfigurationPlatforms) = preSolution
		Debug|Any CPU = Debug|Any CPU
		Release|Any CPU = Release|Any CPU
	EndGlobalSection
	GlobalSection(ProjectConfigurationPlatforms) = postSolution
		{423B47A4-E268-4F7A-BB0A-3EEEF9A21106}.Debug|Any CPU.ActiveCfg = Debug|Any CPU
		{423B47A4-E268-4F7A-BB0A-3EEEF9A21106}.Debug|Any CPU.Build.0 = Debug|Any CPU
		{423B47A4-E268-4F7A-BB0A-3EEEF9A21106}.Release|Any CPU.ActiveCfg = Release|Any CPU
		{423B47A4-E268-4F7A-BB0A-3EEEF9A21106}.Release|Any CPU.Build.0 = Release|Any CPU
	EndGlobalSection
	GlobalSection(SolutionProperties) = preSolution
		HideSolutionNode = FALSE
	EndGlobalSection
	GlobalSection(ExtensibilityGlobals) = postSolution
		SolutionGuid = {8D66A106-CD6F-4DC2-8AD5-8A4185720F7C}
	EndGlobalSection
EndGlobal
