
Microsoft Visual Studio Solution File, Format Version 12.00
# Visual Studio Version 16
VisualStudioVersion = 16.0.31911.196
MinimumVisualStudioVersion = 10.0.40219.1
Project("{FAE04EC0-301F-11D3-BF4B-00C04F79EFBC}") = "SegundoProjetoN2", "SegundoProjetoN2\SegundoProjetoN2.csproj", "{32F71562-A9AF-4C98-A260-A15C343BE54B}"
EndProject
Global
	GlobalSection(SolutionConfigurationPlatforms) = preSolution
		Debug|Any CPU = Debug|Any CPU
		Release|Any CPU = Release|Any CPU
	EndGlobalSection
	GlobalSection(ProjectConfigurationPlatforms) = postSolution
		{32F71562-A9AF-4C98-A260-A15C343BE54B}.Debug|Any CPU.ActiveCfg = Debug|Any CPU
		{32F71562-A9AF-4C98-A260-A15C343BE54B}.Debug|Any CPU.Build.0 = Debug|Any CPU
		{32F71562-A9AF-4C98-A260-A15C343BE54B}.Release|Any CPU.ActiveCfg = Release|Any CPU
		{32F71562-A9AF-4C98-A260-A15C343BE54B}.Release|Any CPU.Build.0 = Release|Any CPU
	EndGlobalSection
	GlobalSection(SolutionProperties) = preSolution
		HideSolutionNode = FALSE
	EndGlobalSection
	GlobalSection(ExtensibilityGlobals) = postSolution
		SolutionGuid = {05E8DC40-BEF7-49FD-8FE7-E2A9A73EC5B7}
	EndGlobalSection
EndGlobal
