
Microsoft Visual Studio Solution File, Format Version 12.00
# Visual Studio Version 17
VisualStudioVersion = 17.0.32126.317
MinimumVisualStudioVersion = 10.0.40219.1
Project("{FAE04EC0-301F-11D3-BF4B-00C04F79EFBC}") = "PVolumeN2", "PVolumeN2\PVolumeN2.csproj", "{4E0F7475-00F4-4E80-96C6-B631D3E9E6BC}"
EndProject
Global
	GlobalSection(SolutionConfigurationPlatforms) = preSolution
		Debug|Any CPU = Debug|Any CPU
		Release|Any CPU = Release|Any CPU
	EndGlobalSection
	GlobalSection(ProjectConfigurationPlatforms) = postSolution
		{4E0F7475-00F4-4E80-96C6-B631D3E9E6BC}.Debug|Any CPU.ActiveCfg = Debug|Any CPU
		{4E0F7475-00F4-4E80-96C6-B631D3E9E6BC}.Debug|Any CPU.Build.0 = Debug|Any CPU
		{4E0F7475-00F4-4E80-96C6-B631D3E9E6BC}.Release|Any CPU.ActiveCfg = Release|Any CPU
		{4E0F7475-00F4-4E80-96C6-B631D3E9E6BC}.Release|Any CPU.Build.0 = Release|Any CPU
	EndGlobalSection
	GlobalSection(SolutionProperties) = preSolution
		HideSolutionNode = FALSE
	EndGlobalSection
	GlobalSection(ExtensibilityGlobals) = postSolution
		SolutionGuid = {2216D8AA-D8AD-495D-8BF3-878D11762D90}
	EndGlobalSection
EndGlobal
